
Microsoft Visual Studio Solution File, Format Version 12.00
# Visual Studio Version 16
VisualStudioVersion = 16.0.31313.79
MinimumVisualStudioVersion = 10.0.40219.1
Project("{9A19103F-16F7-4668-BE54-9A1E7A4F7556}") = "Bks.Fox.TrainingDevelopment.Domain", "Domain\Bks.Fox.TrainingDevelopment.Domain.csproj", "{A87CCBA8-3B27-4EAB-904E-D17D87A70F2D}"
EndProject
Project("{9A19103F-16F7-4668-BE54-9A1E7A4F7556}") = "Bks.Fox.TrainingDevelopment.Tasks.Presentation.Web", "Presentation.Web\Bks.Fox.TrainingDevelopment.Tasks.Presentation.Web.csproj", "{14391304-EB74-4329-A707-4B37AA7AE262}"
EndProject
Project("{2150E333-8FDC-42A3-9474-1A3956D46DE8}") = "Atis", "Atis", "{F77175EB-5E1B-48CF-9F25-FC7B29A7BCEB}"
EndProject
Project("{9A19103F-16F7-4668-BE54-9A1E7A4F7556}") = "Atis.TrainingDevelopment.Domain", "Atis.Training.Development.Domain\Atis.TrainingDevelopment.Domain.csproj", "{8B22475B-1E0E-4967-A4B1-704297988792}"
EndProject
Project("{2150E333-8FDC-42A3-9474-1A3956D46DE8}") = "Packages", "Packages", "{FC8FAB14-9071-4DDB-A065-B02D77599FCA}"
EndProject
Project("{9A19103F-16F7-4668-BE54-9A1E7A4F7556}") = "Diagrams", "Diagrams\Diagrams.csproj", "{0E6A8DBE-8039-4660-8A59-0966440C1372}"
EndProject
Project("{2150E333-8FDC-42A3-9474-1A3956D46DE8}") = "TrainingDevelopment", "TrainingDevelopment", "{5E610032-3B97-4AD4-B64C-A309A7CEFC81}"
EndProject
Project("{2150E333-8FDC-42A3-9474-1A3956D46DE8}") = "Tasks", "Tasks", "{725AF6BD-ADD9-4E68-A3C5-6EBC88E64EC3}"
EndProject
Project("{2150E333-8FDC-42A3-9474-1A3956D46DE8}") = "TaskCollections", "TaskCollections", "{5905CFF1-5F82-4406-9932-0A4FD9479CEE}"
EndProject
Project("{9A19103F-16F7-4668-BE54-9A1E7A4F7556}") = "Bks.Fox.TrainingDevelopment.Tasks.Domain", "Bks.Fox.TrainingDevelopment.Tasks.Domain\Bks.Fox.TrainingDevelopment.Tasks.Domain.csproj", "{CD296C77-1630-49AA-AA98-7122132C3B62}"
EndProject
Project("{9A19103F-16F7-4668-BE54-9A1E7A4F7556}") = "Bks.Fox.TrainingDevelopment.Tasks.Application", "Bks.Fox.TrainingDevelopment.Tasks.Application\Bks.Fox.TrainingDevelopment.Tasks.Application.csproj", "{74216181-A2B8-4A49-96DF-E53C1DFA5491}"
EndProject
Project("{9A19103F-16F7-4668-BE54-9A1E7A4F7556}") = "Bks.Fox.Domain", "Bks.Packages.Domain\Bks.Fox.Domain.csproj", "{8813C083-F9DF-40E8-9B9A-FBF05CC56E74}"
EndProject
Project("{9A19103F-16F7-4668-BE54-9A1E7A4F7556}") = "Bks.WebApi", "Bks.AspNetCore.WebApi\Bks.WebApi.csproj", "{75E29E33-52A4-4BC2-B178-8800DFB3CEFD}"
EndProject
Project("{9A19103F-16F7-4668-BE54-9A1E7A4F7556}") = "Bks.WebApi.Swashbuckle.FeatureGate", "Bks.AspNetCore.Swashbuckle.Filters\Bks.WebApi.Swashbuckle.FeatureGate.csproj", "{E9DE49D3-4C26-4052-AA4E-8B86C175D724}"
EndProject
Project("{9A19103F-16F7-4668-BE54-9A1E7A4F7556}") = "Bks.Fox.Behaviors.Domain", "Bks.WebApi.Cqrs\Bks.Fox.Behaviors.Domain.csproj", "{75E4A05D-77D1-42EC-8BEC-2DC06CDA54E3}"
EndProject
Project("{9A19103F-16F7-4668-BE54-9A1E7A4F7556}") = "Bks.Fox.Behaviors.ResourceRequirements.Domain", "Bks.Fox.Entities.Behaviors.ResourceRequirements.Domain\Bks.Fox.Behaviors.ResourceRequirements.Domain.csproj", "{0DF38F24-464D-42E2-94F1-69B6ED79BD4F}"
EndProject
Project("{9A19103F-16F7-4668-BE54-9A1E7A4F7556}") = "Bks.Fox.Behaviors.ResourceRequirements.Application", "Bks.Fox.Entities.Behaviors.ResourceRequirements.Application\Bks.Fox.Behaviors.ResourceRequirements.Application.csproj", "{0D4C0074-2B79-4860-9BFD-5D24845EDF7C}"
EndProject
Project("{9A19103F-16F7-4668-BE54-9A1E7A4F7556}") = "Bks.Fox.Application", "Bks.Fox.Entities.Applications\Bks.Fox.Application.csproj", "{B9AC5C50-6A26-4A47-BF6C-F0EC7A9324D1}"
EndProject
Project("{9A19103F-16F7-4668-BE54-9A1E7A4F7556}") = "Bks.Fox.Behaviors.Application", "Bks.Fox.Entities.Behaviors.Application\Bks.Fox.Behaviors.Application.csproj", "{145F4200-32DD-4D16-B93D-B7370D4C2C73}"
EndProject
Project("{9A19103F-16F7-4668-BE54-9A1E7A4F7556}") = "Bks.Fox.Operational.Domain", "Bks.Fox.Domain.Operational\Bks.Fox.Operational.Domain.csproj", "{AF4F1542-6A94-47CE-89D5-475C15DA6C54}"
EndProject
Project("{9A19103F-16F7-4668-BE54-9A1E7A4F7556}") = "Bks.Fox.TrainingDevelopment.Application", "Bks.Fox.TrainingDevelopment.Application\Bks.Fox.TrainingDevelopment.Application.csproj", "{F9B62DEF-1F3E-454B-9A98-090651D26FB4}"
EndProject
Project("{2150E333-8FDC-42A3-9474-1A3956D46DE8}") = "Behaviors", "Behaviors", "{6A0248AD-8720-418C-96B0-C3FA8E29E850}"
EndProject
Project("{2150E333-8FDC-42A3-9474-1A3956D46DE8}") = "WebApi", "WebApi", "{47B9B65F-FA2D-4899-B4CE-88361D82E65D}"
EndProject
Project("{2150E333-8FDC-42A3-9474-1A3956D46DE8}") = "TrainingDevelopment", "TrainingDevelopment", "{62762740-CBA4-4E52-81A4-069FDE508DC6}"
EndProject
Project("{FAE04EC0-301F-11D3-BF4B-00C04F79EFBC}") = "Bks.Fox.TrainingDevelopment.Tasks.Infrastructure", "Bks.Fox.TrainingDevelopment.Tasks.Infrastructure\Bks.Fox.TrainingDevelopment.Tasks.Infrastructure.csproj", "{F84EC9AF-C870-46DA-8FF7-6B8051F3DAFC}"
EndProject
Project("{FAE04EC0-301F-11D3-BF4B-00C04F79EFBC}") = "Bks.Fox.Behaviors.ResourceRequirements.Presentation", "Bks.Fox.Behaviors.ResourceRequirements.Presentation\Bks.Fox.Behaviors.ResourceRequirements.Presentation.csproj", "{C9354EF7-3CC3-46A7-B4D3-4BDFE93E4A02}"
EndProject
Global
	GlobalSection(SolutionConfigurationPlatforms) = preSolution
		Debug|Any CPU = Debug|Any CPU
		Release|Any CPU = Release|Any CPU
	EndGlobalSection
	GlobalSection(ProjectConfigurationPlatforms) = postSolution
		{A87CCBA8-3B27-4EAB-904E-D17D87A70F2D}.Debug|Any CPU.ActiveCfg = Debug|Any CPU
		{A87CCBA8-3B27-4EAB-904E-D17D87A70F2D}.Debug|Any CPU.Build.0 = Debug|Any CPU
		{A87CCBA8-3B27-4EAB-904E-D17D87A70F2D}.Release|Any CPU.ActiveCfg = Release|Any CPU
		{A87CCBA8-3B27-4EAB-904E-D17D87A70F2D}.Release|Any CPU.Build.0 = Release|Any CPU
		{14391304-EB74-4329-A707-4B37AA7AE262}.Debug|Any CPU.ActiveCfg = Debug|Any CPU
		{14391304-EB74-4329-A707-4B37AA7AE262}.Debug|Any CPU.Build.0 = Debug|Any CPU
		{14391304-EB74-4329-A707-4B37AA7AE262}.Release|Any CPU.ActiveCfg = Release|Any CPU
		{14391304-EB74-4329-A707-4B37AA7AE262}.Release|Any CPU.Build.0 = Release|Any CPU
		{8B22475B-1E0E-4967-A4B1-704297988792}.Debug|Any CPU.ActiveCfg = Debug|Any CPU
		{8B22475B-1E0E-4967-A4B1-704297988792}.Debug|Any CPU.Build.0 = Debug|Any CPU
		{8B22475B-1E0E-4967-A4B1-704297988792}.Release|Any CPU.ActiveCfg = Release|Any CPU
		{8B22475B-1E0E-4967-A4B1-704297988792}.Release|Any CPU.Build.0 = Release|Any CPU
		{0E6A8DBE-8039-4660-8A59-0966440C1372}.Debug|Any CPU.ActiveCfg = Debug|Any CPU
		{0E6A8DBE-8039-4660-8A59-0966440C1372}.Debug|Any CPU.Build.0 = Debug|Any CPU
		{0E6A8DBE-8039-4660-8A59-0966440C1372}.Release|Any CPU.ActiveCfg = Release|Any CPU
		{0E6A8DBE-8039-4660-8A59-0966440C1372}.Release|Any CPU.Build.0 = Release|Any CPU
		{CD296C77-1630-49AA-AA98-7122132C3B62}.Debug|Any CPU.ActiveCfg = Debug|Any CPU
		{CD296C77-1630-49AA-AA98-7122132C3B62}.Debug|Any CPU.Build.0 = Debug|Any CPU
		{CD296C77-1630-49AA-AA98-7122132C3B62}.Release|Any CPU.ActiveCfg = Release|Any CPU
		{CD296C77-1630-49AA-AA98-7122132C3B62}.Release|Any CPU.Build.0 = Release|Any CPU
		{74216181-A2B8-4A49-96DF-E53C1DFA5491}.Debug|Any CPU.ActiveCfg = Debug|Any CPU
		{74216181-A2B8-4A49-96DF-E53C1DFA5491}.Debug|Any CPU.Build.0 = Debug|Any CPU
		{74216181-A2B8-4A49-96DF-E53C1DFA5491}.Release|Any CPU.ActiveCfg = Release|Any CPU
		{74216181-A2B8-4A49-96DF-E53C1DFA5491}.Release|Any CPU.Build.0 = Release|Any CPU
		{8813C083-F9DF-40E8-9B9A-FBF05CC56E74}.Debug|Any CPU.ActiveCfg = Debug|Any CPU
		{8813C083-F9DF-40E8-9B9A-FBF05CC56E74}.Debug|Any CPU.Build.0 = Debug|Any CPU
		{8813C083-F9DF-40E8-9B9A-FBF05CC56E74}.Release|Any CPU.ActiveCfg = Release|Any CPU
		{8813C083-F9DF-40E8-9B9A-FBF05CC56E74}.Release|Any CPU.Build.0 = Release|Any CPU
		{75E29E33-52A4-4BC2-B178-8800DFB3CEFD}.Debug|Any CPU.ActiveCfg = Debug|Any CPU
		{75E29E33-52A4-4BC2-B178-8800DFB3CEFD}.Debug|Any CPU.Build.0 = Debug|Any CPU
		{75E29E33-52A4-4BC2-B178-8800DFB3CEFD}.Release|Any CPU.ActiveCfg = Release|Any CPU
		{75E29E33-52A4-4BC2-B178-8800DFB3CEFD}.Release|Any CPU.Build.0 = Release|Any CPU
		{E9DE49D3-4C26-4052-AA4E-8B86C175D724}.Debug|Any CPU.ActiveCfg = Debug|Any CPU
		{E9DE49D3-4C26-4052-AA4E-8B86C175D724}.Debug|Any CPU.Build.0 = Debug|Any CPU
		{E9DE49D3-4C26-4052-AA4E-8B86C175D724}.Release|Any CPU.ActiveCfg = Release|Any CPU
		{E9DE49D3-4C26-4052-AA4E-8B86C175D724}.Release|Any CPU.Build.0 = Release|Any CPU
		{75E4A05D-77D1-42EC-8BEC-2DC06CDA54E3}.Debug|Any CPU.ActiveCfg = Debug|Any CPU
		{75E4A05D-77D1-42EC-8BEC-2DC06CDA54E3}.Debug|Any CPU.Build.0 = Debug|Any CPU
		{75E4A05D-77D1-42EC-8BEC-2DC06CDA54E3}.Release|Any CPU.ActiveCfg = Release|Any CPU
		{75E4A05D-77D1-42EC-8BEC-2DC06CDA54E3}.Release|Any CPU.Build.0 = Release|Any CPU
		{0DF38F24-464D-42E2-94F1-69B6ED79BD4F}.Debug|Any CPU.ActiveCfg = Debug|Any CPU
		{0DF38F24-464D-42E2-94F1-69B6ED79BD4F}.Debug|Any CPU.Build.0 = Debug|Any CPU
		{0DF38F24-464D-42E2-94F1-69B6ED79BD4F}.Release|Any CPU.ActiveCfg = Release|Any CPU
		{0DF38F24-464D-42E2-94F1-69B6ED79BD4F}.Release|Any CPU.Build.0 = Release|Any CPU
		{0D4C0074-2B79-4860-9BFD-5D24845EDF7C}.Debug|Any CPU.ActiveCfg = Debug|Any CPU
		{0D4C0074-2B79-4860-9BFD-5D24845EDF7C}.Debug|Any CPU.Build.0 = Debug|Any CPU
		{0D4C0074-2B79-4860-9BFD-5D24845EDF7C}.Release|Any CPU.ActiveCfg = Release|Any CPU
		{0D4C0074-2B79-4860-9BFD-5D24845EDF7C}.Release|Any CPU.Build.0 = Release|Any CPU
		{B9AC5C50-6A26-4A47-BF6C-F0EC7A9324D1}.Debug|Any CPU.ActiveCfg = Debug|Any CPU
		{B9AC5C50-6A26-4A47-BF6C-F0EC7A9324D1}.Debug|Any CPU.Build.0 = Debug|Any CPU
		{B9AC5C50-6A26-4A47-BF6C-F0EC7A9324D1}.Release|Any CPU.ActiveCfg = Release|Any CPU
		{B9AC5C50-6A26-4A47-BF6C-F0EC7A9324D1}.Release|Any CPU.Build.0 = Release|Any CPU
		{145F4200-32DD-4D16-B93D-B7370D4C2C73}.Debug|Any CPU.ActiveCfg = Debug|Any CPU
		{145F4200-32DD-4D16-B93D-B7370D4C2C73}.Debug|Any CPU.Build.0 = Debug|Any CPU
		{145F4200-32DD-4D16-B93D-B7370D4C2C73}.Release|Any CPU.ActiveCfg = Release|Any CPU
		{145F4200-32DD-4D16-B93D-B7370D4C2C73}.Release|Any CPU.Build.0 = Release|Any CPU
		{AF4F1542-6A94-47CE-89D5-475C15DA6C54}.Debug|Any CPU.ActiveCfg = Debug|Any CPU
		{AF4F1542-6A94-47CE-89D5-475C15DA6C54}.Debug|Any CPU.Build.0 = Debug|Any CPU
		{AF4F1542-6A94-47CE-89D5-475C15DA6C54}.Release|Any CPU.ActiveCfg = Release|Any CPU
		{AF4F1542-6A94-47CE-89D5-475C15DA6C54}.Release|Any CPU.Build.0 = Release|Any CPU
		{F9B62DEF-1F3E-454B-9A98-090651D26FB4}.Debug|Any CPU.ActiveCfg = Debug|Any CPU
		{F9B62DEF-1F3E-454B-9A98-090651D26FB4}.Debug|Any CPU.Build.0 = Debug|Any CPU
		{F9B62DEF-1F3E-454B-9A98-090651D26FB4}.Release|Any CPU.ActiveCfg = Release|Any CPU
		{F9B62DEF-1F3E-454B-9A98-090651D26FB4}.Release|Any CPU.Build.0 = Release|Any CPU
		{F84EC9AF-C870-46DA-8FF7-6B8051F3DAFC}.Debug|Any CPU.ActiveCfg = Debug|Any CPU
		{F84EC9AF-C870-46DA-8FF7-6B8051F3DAFC}.Debug|Any CPU.Build.0 = Debug|Any CPU
		{F84EC9AF-C870-46DA-8FF7-6B8051F3DAFC}.Release|Any CPU.ActiveCfg = Release|Any CPU
		{F84EC9AF-C870-46DA-8FF7-6B8051F3DAFC}.Release|Any CPU.Build.0 = Release|Any CPU
		{C9354EF7-3CC3-46A7-B4D3-4BDFE93E4A02}.Debug|Any CPU.ActiveCfg = Debug|Any CPU
		{C9354EF7-3CC3-46A7-B4D3-4BDFE93E4A02}.Debug|Any CPU.Build.0 = Debug|Any CPU
		{C9354EF7-3CC3-46A7-B4D3-4BDFE93E4A02}.Release|Any CPU.ActiveCfg = Release|Any CPU
		{C9354EF7-3CC3-46A7-B4D3-4BDFE93E4A02}.Release|Any CPU.Build.0 = Release|Any CPU
	EndGlobalSection
	GlobalSection(SolutionProperties) = preSolution
		HideSolutionNode = FALSE
	EndGlobalSection
	GlobalSection(NestedProjects) = preSolution
		{A87CCBA8-3B27-4EAB-904E-D17D87A70F2D} = {62762740-CBA4-4E52-81A4-069FDE508DC6}
		{14391304-EB74-4329-A707-4B37AA7AE262} = {725AF6BD-ADD9-4E68-A3C5-6EBC88E64EC3}
		{8B22475B-1E0E-4967-A4B1-704297988792} = {F77175EB-5E1B-48CF-9F25-FC7B29A7BCEB}
		{725AF6BD-ADD9-4E68-A3C5-6EBC88E64EC3} = {5E610032-3B97-4AD4-B64C-A309A7CEFC81}
		{5905CFF1-5F82-4406-9932-0A4FD9479CEE} = {5E610032-3B97-4AD4-B64C-A309A7CEFC81}
		{CD296C77-1630-49AA-AA98-7122132C3B62} = {725AF6BD-ADD9-4E68-A3C5-6EBC88E64EC3}
		{74216181-A2B8-4A49-96DF-E53C1DFA5491} = {725AF6BD-ADD9-4E68-A3C5-6EBC88E64EC3}
		{8813C083-F9DF-40E8-9B9A-FBF05CC56E74} = {FC8FAB14-9071-4DDB-A065-B02D77599FCA}
		{75E29E33-52A4-4BC2-B178-8800DFB3CEFD} = {47B9B65F-FA2D-4899-B4CE-88361D82E65D}
		{E9DE49D3-4C26-4052-AA4E-8B86C175D724} = {47B9B65F-FA2D-4899-B4CE-88361D82E65D}
		{75E4A05D-77D1-42EC-8BEC-2DC06CDA54E3} = {6A0248AD-8720-418C-96B0-C3FA8E29E850}
		{0DF38F24-464D-42E2-94F1-69B6ED79BD4F} = {6A0248AD-8720-418C-96B0-C3FA8E29E850}
		{0D4C0074-2B79-4860-9BFD-5D24845EDF7C} = {6A0248AD-8720-418C-96B0-C3FA8E29E850}
		{B9AC5C50-6A26-4A47-BF6C-F0EC7A9324D1} = {FC8FAB14-9071-4DDB-A065-B02D77599FCA}
		{145F4200-32DD-4D16-B93D-B7370D4C2C73} = {6A0248AD-8720-418C-96B0-C3FA8E29E850}
		{AF4F1542-6A94-47CE-89D5-475C15DA6C54} = {FC8FAB14-9071-4DDB-A065-B02D77599FCA}
		{F9B62DEF-1F3E-454B-9A98-090651D26FB4} = {62762740-CBA4-4E52-81A4-069FDE508DC6}
		{6A0248AD-8720-418C-96B0-C3FA8E29E850} = {FC8FAB14-9071-4DDB-A065-B02D77599FCA}
		{47B9B65F-FA2D-4899-B4CE-88361D82E65D} = {FC8FAB14-9071-4DDB-A065-B02D77599FCA}
		{62762740-CBA4-4E52-81A4-069FDE508DC6} = {FC8FAB14-9071-4DDB-A065-B02D77599FCA}
		{F84EC9AF-C870-46DA-8FF7-6B8051F3DAFC} = {725AF6BD-ADD9-4E68-A3C5-6EBC88E64EC3}
		{C9354EF7-3CC3-46A7-B4D3-4BDFE93E4A02} = {6A0248AD-8720-418C-96B0-C3FA8E29E850}
	EndGlobalSection
	GlobalSection(ExtensibilityGlobals) = postSolution
		SolutionGuid = {6A803B16-B341-4FA0-BCF9-E8890F453720}
	EndGlobalSection
EndGlobal
