
Microsoft Visual Studio Solution File, Format Version 12.00
# Visual Studio Version 16
VisualStudioVersion = 16.0.31313.79
MinimumVisualStudioVersion = 10.0.40219.1
Project("{9A19103F-16F7-4668-BE54-9A1E7A4F7556}") = "Domain", "Domain\Domain.csproj", "{A87CCBA8-3B27-4EAB-904E-D17D87A70F2D}"
EndProject
Project("{FAE04EC0-301F-11D3-BF4B-00C04F79EFBC}") = "Presentation.Web", "Presentation.Web\Presentation.Web.csproj", "{8C03A6E4-A09C-4367-B356-2CE8351CFF42}"
EndProject
Global
	GlobalSection(SolutionConfigurationPlatforms) = preSolution
		Debug|Any CPU = Debug|Any CPU
		Release|Any CPU = Release|Any CPU
	EndGlobalSection
	GlobalSection(ProjectConfigurationPlatforms) = postSolution
		{A87CCBA8-3B27-4EAB-904E-D17D87A70F2D}.Debug|Any CPU.ActiveCfg = Debug|Any CPU
		{A87CCBA8-3B27-4EAB-904E-D17D87A70F2D}.Debug|Any CPU.Build.0 = Debug|Any CPU
		{A87CCBA8-3B27-4EAB-904E-D17D87A70F2D}.Release|Any CPU.ActiveCfg = Release|Any CPU
		{A87CCBA8-3B27-4EAB-904E-D17D87A70F2D}.Release|Any CPU.Build.0 = Release|Any CPU
		{8C03A6E4-A09C-4367-B356-2CE8351CFF42}.Debug|Any CPU.ActiveCfg = Debug|Any CPU
		{8C03A6E4-A09C-4367-B356-2CE8351CFF42}.Debug|Any CPU.Build.0 = Debug|Any CPU
		{8C03A6E4-A09C-4367-B356-2CE8351CFF42}.Release|Any CPU.ActiveCfg = Release|Any CPU
		{8C03A6E4-A09C-4367-B356-2CE8351CFF42}.Release|Any CPU.Build.0 = Release|Any CPU
	EndGlobalSection
	GlobalSection(SolutionProperties) = preSolution
		HideSolutionNode = FALSE
	EndGlobalSection
	GlobalSection(ExtensibilityGlobals) = postSolution
		SolutionGuid = {6A803B16-B341-4FA0-BCF9-E8890F453720}
	EndGlobalSection
EndGlobal
